
Microsoft Visual Studio Solution File, Format Version 12.00
# Visual Studio Version 16
VisualStudioVersion = 16.0.32228.343
MinimumVisualStudioVersion = 10.0.40219.1
Project("{FAE04EC0-301F-11D3-BF4B-00C04F79EFBC}") = "SpoLvtTest", "SpoLvtTest\SpoLvtTest.csproj", "{6499F786-9F6F-4580-8FC1-5EF5901E2741}"
EndProject
Global
	GlobalSection(SolutionConfigurationPlatforms) = preSolution
		Debug|Any CPU = Debug|Any CPU
		Release|Any CPU = Release|Any CPU
	EndGlobalSection
	GlobalSection(ProjectConfigurationPlatforms) = postSolution
		{6499F786-9F6F-4580-8FC1-5EF5901E2741}.Debug|Any CPU.ActiveCfg = Debug|Any CPU
		{6499F786-9F6F-4580-8FC1-5EF5901E2741}.Debug|Any CPU.Build.0 = Debug|Any CPU
		{6499F786-9F6F-4580-8FC1-5EF5901E2741}.Release|Any CPU.ActiveCfg = Release|Any CPU
		{6499F786-9F6F-4580-8FC1-5EF5901E2741}.Release|Any CPU.Build.0 = Release|Any CPU
	EndGlobalSection
	GlobalSection(SolutionProperties) = preSolution
		HideSolutionNode = FALSE
	EndGlobalSection
	GlobalSection(ExtensibilityGlobals) = postSolution
		SolutionGuid = {CD2B29C6-A6C6-4BB2-BF5C-AB25AD13D661}
	EndGlobalSection
EndGlobal
